
Microsoft Visual Studio Solution File, Format Version 12.00
# Visual Studio 15
VisualStudioVersion = 15.0.28307.1000
MinimumVisualStudioVersion = 10.0.40219.1
Project("{FAE04EC0-301F-11D3-BF4B-00C04F79EFBC}") = "SignalRMvc", "SignalRMvc\SignalRMvc.csproj", "{D5B9845A-3C9F-4B70-B166-80546BA93BA4}"
EndProject
Global
	GlobalSection(SolutionConfigurationPlatforms) = preSolution
		Debug|Any CPU = Debug|Any CPU
		Release|Any CPU = Release|Any CPU
	EndGlobalSection
	GlobalSection(ProjectConfigurationPlatforms) = postSolution
		{D5B9845A-3C9F-4B70-B166-80546BA93BA4}.Debug|Any CPU.ActiveCfg = Debug|Any CPU
		{D5B9845A-3C9F-4B70-B166-80546BA93BA4}.Debug|Any CPU.Build.0 = Debug|Any CPU
		{D5B9845A-3C9F-4B70-B166-80546BA93BA4}.Release|Any CPU.ActiveCfg = Release|Any CPU
		{D5B9845A-3C9F-4B70-B166-80546BA93BA4}.Release|Any CPU.Build.0 = Release|Any CPU
	EndGlobalSection
	GlobalSection(SolutionProperties) = preSolution
		HideSolutionNode = FALSE
	EndGlobalSection
	GlobalSection(ExtensibilityGlobals) = postSolution
		SolutionGuid = {07CAD60E-FE24-43A8-A31D-14D5690C643F}
	EndGlobalSection
EndGlobal
